
Microsoft Visual Studio Solution File, Format Version 12.00
# Visual Studio Version 17
VisualStudioVersion = 17.0.31903.59
MinimumVisualStudioVersion = 10.0.40219.1
Project("{FAE04EC0-301F-11D3-BF4B-00C04F79EFBC}") = "CorsairSDK", "CorsairSDK\CorsairSDK.csproj", "{C55FFB7C-A4A2-4DAA-AB3B-7A05667C90D2}"
EndProject
Project("{FAE04EC0-301F-11D3-BF4B-00C04F79EFBC}") = "Tests", "Tests\Tests.csproj", "{2E0912A3-1FB2-44F9-80EF-33B2A9ACDCEB}"
EndProject
Project("{2150E333-8FDC-42A3-9474-1A3956D46DE8}") = "Samples", "Samples", "{46EA6ED5-F0ED-4CE9-B200-FCCD60172E3C}"
EndProject
Project("{FAE04EC0-301F-11D3-BF4B-00C04F79EFBC}") = "HeadsetBatteryLevel", "HeadsetBatteryLevel\HeadsetBatteryLevel.csproj", "{D1F78F2A-0C7F-4ADC-9243-E54950D646E9}"
EndProject
Project("{FAE04EC0-301F-11D3-BF4B-00C04F79EFBC}") = "KeyboardColors", "KeyboardColors\KeyboardColors.csproj", "{E7817E8F-B8B6-453E-9A32-8B959676F6B5}"
EndProject
Project("{FAE04EC0-301F-11D3-BF4B-00C04F79EFBC}") = "ShowDeviceInformation", "ShowDeviceInformation\ShowDeviceInformation.csproj", "{A4E221D2-D89B-400C-BC28-CAFF943B1A56}"
EndProject
Project("{FAE04EC0-301F-11D3-BF4B-00C04F79EFBC}") = "KeyboardColorsAsync", "KeyboardColorsAsync\KeyboardColorsAsync.csproj", "{92067ED0-3764-4802-8A8F-B7A70E2BFE13}"
EndProject
Project("{FAE04EC0-301F-11D3-BF4B-00C04F79EFBC}") = "WelcomeBackExplosion", "WelcomeBackExplosion\WelcomeBackExplosion.csproj", "{52D54DD4-F9F1-4098-AD58-FE3B7E1D29F5}"
EndProject
Global
	GlobalSection(SolutionConfigurationPlatforms) = preSolution
		Debug|Any CPU = Debug|Any CPU
		Release|Any CPU = Release|Any CPU
	EndGlobalSection
	GlobalSection(SolutionProperties) = preSolution
		HideSolutionNode = FALSE
	EndGlobalSection
	GlobalSection(ProjectConfigurationPlatforms) = postSolution
		{C55FFB7C-A4A2-4DAA-AB3B-7A05667C90D2}.Debug|Any CPU.ActiveCfg = Debug|Any CPU
		{C55FFB7C-A4A2-4DAA-AB3B-7A05667C90D2}.Debug|Any CPU.Build.0 = Debug|Any CPU
		{C55FFB7C-A4A2-4DAA-AB3B-7A05667C90D2}.Release|Any CPU.ActiveCfg = Release|Any CPU
		{C55FFB7C-A4A2-4DAA-AB3B-7A05667C90D2}.Release|Any CPU.Build.0 = Release|Any CPU
		{2E0912A3-1FB2-44F9-80EF-33B2A9ACDCEB}.Debug|Any CPU.ActiveCfg = Debug|Any CPU
		{2E0912A3-1FB2-44F9-80EF-33B2A9ACDCEB}.Debug|Any CPU.Build.0 = Debug|Any CPU
		{2E0912A3-1FB2-44F9-80EF-33B2A9ACDCEB}.Release|Any CPU.ActiveCfg = Release|Any CPU
		{2E0912A3-1FB2-44F9-80EF-33B2A9ACDCEB}.Release|Any CPU.Build.0 = Release|Any CPU
		{D1F78F2A-0C7F-4ADC-9243-E54950D646E9}.Debug|Any CPU.ActiveCfg = Debug|Any CPU
		{D1F78F2A-0C7F-4ADC-9243-E54950D646E9}.Debug|Any CPU.Build.0 = Debug|Any CPU
		{D1F78F2A-0C7F-4ADC-9243-E54950D646E9}.Release|Any CPU.ActiveCfg = Release|Any CPU
		{D1F78F2A-0C7F-4ADC-9243-E54950D646E9}.Release|Any CPU.Build.0 = Release|Any CPU
		{E7817E8F-B8B6-453E-9A32-8B959676F6B5}.Debug|Any CPU.ActiveCfg = Debug|Any CPU
		{E7817E8F-B8B6-453E-9A32-8B959676F6B5}.Debug|Any CPU.Build.0 = Debug|Any CPU
		{E7817E8F-B8B6-453E-9A32-8B959676F6B5}.Release|Any CPU.ActiveCfg = Release|Any CPU
		{E7817E8F-B8B6-453E-9A32-8B959676F6B5}.Release|Any CPU.Build.0 = Release|Any CPU
		{A4E221D2-D89B-400C-BC28-CAFF943B1A56}.Debug|Any CPU.ActiveCfg = Debug|Any CPU
		{A4E221D2-D89B-400C-BC28-CAFF943B1A56}.Debug|Any CPU.Build.0 = Debug|Any CPU
		{A4E221D2-D89B-400C-BC28-CAFF943B1A56}.Release|Any CPU.ActiveCfg = Release|Any CPU
		{A4E221D2-D89B-400C-BC28-CAFF943B1A56}.Release|Any CPU.Build.0 = Release|Any CPU
		{92067ED0-3764-4802-8A8F-B7A70E2BFE13}.Debug|Any CPU.ActiveCfg = Debug|Any CPU
		{92067ED0-3764-4802-8A8F-B7A70E2BFE13}.Debug|Any CPU.Build.0 = Debug|Any CPU
		{92067ED0-3764-4802-8A8F-B7A70E2BFE13}.Release|Any CPU.ActiveCfg = Release|Any CPU
		{92067ED0-3764-4802-8A8F-B7A70E2BFE13}.Release|Any CPU.Build.0 = Release|Any CPU
		{52D54DD4-F9F1-4098-AD58-FE3B7E1D29F5}.Debug|Any CPU.ActiveCfg = Debug|Any CPU
		{52D54DD4-F9F1-4098-AD58-FE3B7E1D29F5}.Debug|Any CPU.Build.0 = Debug|Any CPU
		{52D54DD4-F9F1-4098-AD58-FE3B7E1D29F5}.Release|Any CPU.ActiveCfg = Release|Any CPU
		{52D54DD4-F9F1-4098-AD58-FE3B7E1D29F5}.Release|Any CPU.Build.0 = Release|Any CPU
	EndGlobalSection
	GlobalSection(NestedProjects) = preSolution
		{D1F78F2A-0C7F-4ADC-9243-E54950D646E9} = {46EA6ED5-F0ED-4CE9-B200-FCCD60172E3C}
		{E7817E8F-B8B6-453E-9A32-8B959676F6B5} = {46EA6ED5-F0ED-4CE9-B200-FCCD60172E3C}
		{A4E221D2-D89B-400C-BC28-CAFF943B1A56} = {46EA6ED5-F0ED-4CE9-B200-FCCD60172E3C}
		{92067ED0-3764-4802-8A8F-B7A70E2BFE13} = {46EA6ED5-F0ED-4CE9-B200-FCCD60172E3C}
		{52D54DD4-F9F1-4098-AD58-FE3B7E1D29F5} = {46EA6ED5-F0ED-4CE9-B200-FCCD60172E3C}
	EndGlobalSection
EndGlobal
